// !$*UTF8*$!
{
	archiveVersion = 1;
	classes = {
	};
	objectVersion = 55;
	objects = {

/* Begin PBXBuildFile section */
		380BFBB828DB145C00C0AAD2 /* AppDelegate.swift in Sources */ = {isa = PBXBuildFile; fileRef = 380BFBB728DB145C00C0AAD2 /* AppDelegate.swift */; };
		380BFBBA28DB145C00C0AAD2 /* SceneDelegate.swift in Sources */ = {isa = PBXBuildFile; fileRef = 380BFBB928DB145C00C0AAD2 /* SceneDelegate.swift */; };
		380BFBBC28DB145C00C0AAD2 /* HomeViewController.swift in Sources */ = {isa = PBXBuildFile; fileRef = 380BFBBB28DB145C00C0AAD2 /* HomeViewController.swift */; };
		380BFBC128DB145D00C0AAD2 /* Assets.xcassets in Resources */ = {isa = PBXBuildFile; fileRef = 380BFBC028DB145D00C0AAD2 /* Assets.xcassets */; };
		380BFBC428DB145D00C0AAD2 /* LaunchScreen.storyboard in Resources */ = {isa = PBXBuildFile; fileRef = 380BFBC228DB145D00C0AAD2 /* LaunchScreen.storyboard */; };
		380BFBD228DB16E300C0AAD2 /* TabBarViewController.swift in Sources */ = {isa = PBXBuildFile; fileRef = 380BFBD128DB16E300C0AAD2 /* TabBarViewController.swift */; };
		380BFBD428DB173300C0AAD2 /* RequestViewController.swift in Sources */ = {isa = PBXBuildFile; fileRef = 380BFBD328DB173300C0AAD2 /* RequestViewController.swift */; };
		380BFBD628DB174000C0AAD2 /* ProfileViewController.swift in Sources */ = {isa = PBXBuildFile; fileRef = 380BFBD528DB174000C0AAD2 /* ProfileViewController.swift */; };
		380BFBDA28DB178800C0AAD2 /* RegistrationViewController.swift in Sources */ = {isa = PBXBuildFile; fileRef = 380BFBD928DB178800C0AAD2 /* RegistrationViewController.swift */; };
		380BFBDC28DB17A900C0AAD2 /* AuthViewController.swift in Sources */ = {isa = PBXBuildFile; fileRef = 380BFBDB28DB17A900C0AAD2 /* AuthViewController.swift */; };
		380BFBDE28DB181B00C0AAD2 /* AuthManageer.swift in Sources */ = {isa = PBXBuildFile; fileRef = 380BFBDD28DB181B00C0AAD2 /* AuthManageer.swift */; };
		380BFBE028DB182700C0AAD2 /* APICaller.swift in Sources */ = {isa = PBXBuildFile; fileRef = 380BFBDF28DB182700C0AAD2 /* APICaller.swift */; };
		380BFBE228DB183C00C0AAD2 /* HapticsManager.swift in Sources */ = {isa = PBXBuildFile; fileRef = 380BFBE128DB183C00C0AAD2 /* HapticsManager.swift */; };
		387F34482902EA7D0030BB13 /* GoodsCollectionViewCell.swift in Sources */ = {isa = PBXBuildFile; fileRef = 387F34472902EA7D0030BB13 /* GoodsCollectionViewCell.swift */; };
		387F344A2902EA990030BB13 /* GoodsModel.swift in Sources */ = {isa = PBXBuildFile; fileRef = 387F34492902EA990030BB13 /* GoodsModel.swift */; };
		387F7FED28F2E43A005F16E5 /* LoginViewController.swift in Sources */ = {isa = PBXBuildFile; fileRef = 387F7FEC28F2E43A005F16E5 /* LoginViewController.swift */; };
		387F7FF128F303BE005F16E5 /* LoginWithAppleIDViewController.swift in Sources */ = {isa = PBXBuildFile; fileRef = 387F7FF028F303BE005F16E5 /* LoginWithAppleIDViewController.swift */; };
		3881E69F29090271001C39B7 /* AlertService.swift in Sources */ = {isa = PBXBuildFile; fileRef = 3881E69E29090271001C39B7 /* AlertService.swift */; };
		3881E6A1290902AD001C39B7 /* RentTableViewCell.swift in Sources */ = {isa = PBXBuildFile; fileRef = 3881E6A0290902AD001C39B7 /* RentTableViewCell.swift */; };
		3881E6A3290902F3001C39B7 /* AddStuffViewController.swift in Sources */ = {isa = PBXBuildFile; fileRef = 3881E6A2290902F3001C39B7 /* AddStuffViewController.swift */; };
		3881E6A52909030B001C39B7 /* RentStatusViewController.swift in Sources */ = {isa = PBXBuildFile; fileRef = 3881E6A42909030B001C39B7 /* RentStatusViewController.swift */; };
		732DEBB5383A7BBF7F16ACCA /* Pods_FrentMC.framework in Frameworks */ = {isa = PBXBuildFile; fileRef = 8E09E60C6DC5DD69351E92F0 /* Pods_FrentMC.framework */; };
		E1021EF628E54D30005EB95D /* ReusableButton.swift in Sources */ = {isa = PBXBuildFile; fileRef = E1021EF528E54D30005EB95D /* ReusableButton.swift */; };
		E14C401F28FF0AF9002F2BEB /* RequestGoodsViewModel.swift in Sources */ = {isa = PBXBuildFile; fileRef = E14C401E28FF0AF9002F2BEB /* RequestGoodsViewModel.swift */; };
		E1574D9E28FED5B400B07B16 /* RequestViewCell.swift in Sources */ = {isa = PBXBuildFile; fileRef = E1574D9D28FED5B400B07B16 /* RequestViewCell.swift */; };
		E1574DA228FEF2C100B07B16 /* RequestGoodModel.swift in Sources */ = {isa = PBXBuildFile; fileRef = E1574DA128FEF2C100B07B16 /* RequestGoodModel.swift */; };
		E159A5D928F30A1900E449C4 /* ProfileInfoOneViewController.swift in Sources */ = {isa = PBXBuildFile; fileRef = E159A5D828F30A1900E449C4 /* ProfileInfoOneViewController.swift */; };
		E15CAF2728FC5725004498F1 /* ProfileInfoTwoViewController.swift in Sources */ = {isa = PBXBuildFile; fileRef = E15CAF2628FC5725004498F1 /* ProfileInfoTwoViewController.swift */; };
		E1A9B71528EE9CB400B04BB4 /* SuccessRegViewController.swift in Sources */ = {isa = PBXBuildFile; fileRef = E1A9B71428EE9CB400B04BB4 /* SuccessRegViewController.swift */; };
		E1ADA47C28FC5B4400211249 /* LentStatusViewController.swift in Sources */ = {isa = PBXBuildFile; fileRef = E1ADA47A28FC5B4300211249 /* LentStatusViewController.swift */; };
		E1ADA47D28FC5B4400211249 /* LentStatusDetailViewController.swift in Sources */ = {isa = PBXBuildFile; fileRef = E1ADA47B28FC5B4400211249 /* LentStatusDetailViewController.swift */; };
		E1ADA48328FC5BBC00211249 /* GoodModel.swift in Sources */ = {isa = PBXBuildFile; fileRef = E1ADA48128FC5BBC00211249 /* GoodModel.swift */; };
		E1ADA48428FC5BBC00211249 /* LentTableViewCell.swift in Sources */ = {isa = PBXBuildFile; fileRef = E1ADA48228FC5BBC00211249 /* LentTableViewCell.swift */; };
		E1CD72A32902EEC200153297 /* DetailBarangViewController.swift in Sources */ = {isa = PBXBuildFile; fileRef = E1CD72A22902EEC200153297 /* DetailBarangViewController.swift */; };
		E1D70E0C28E476BE0050722D /* SwiftUIPreview.swift in Sources */ = {isa = PBXBuildFile; fileRef = E1D70E0B28E476BE0050722D /* SwiftUIPreview.swift */; };
		E1D70E0F28E494370050722D /* ReusableTextField.swift in Sources */ = {isa = PBXBuildFile; fileRef = E1D70E0E28E494370050722D /* ReusableTextField.swift */; };
		E1D70E1128E49DF10050722D /* ExtensionAnchor.swift in Sources */ = {isa = PBXBuildFile; fileRef = E1D70E1028E49DF10050722D /* ExtensionAnchor.swift */; };
		E1D70E1328E4A1740050722D /* ReusableLabel.swift in Sources */ = {isa = PBXBuildFile; fileRef = E1D70E1228E4A1740050722D /* ReusableLabel.swift */; };
		E1D70E1528E4A66E0050722D /* ExtensionColor.swift in Sources */ = {isa = PBXBuildFile; fileRef = E1D70E1428E4A66E0050722D /* ExtensionColor.swift */; };
/* End PBXBuildFile section */

/* Begin PBXFileReference section */
		326BCE5E4BC3AD2AA6193774 /* Pods-FrentMC.release.xcconfig */ = {isa = PBXFileReference; includeInIndex = 1; lastKnownFileType = text.xcconfig; name = "Pods-FrentMC.release.xcconfig"; path = "Target Support Files/Pods-FrentMC/Pods-FrentMC.release.xcconfig"; sourceTree = "<group>"; };
		380BFBB428DB145C00C0AAD2 /* FrentMC.app */ = {isa = PBXFileReference; explicitFileType = wrapper.application; includeInIndex = 0; path = FrentMC.app; sourceTree = BUILT_PRODUCTS_DIR; };
		380BFBB728DB145C00C0AAD2 /* AppDelegate.swift */ = {isa = PBXFileReference; lastKnownFileType = sourcecode.swift; path = AppDelegate.swift; sourceTree = "<group>"; };
		380BFBB928DB145C00C0AAD2 /* SceneDelegate.swift */ = {isa = PBXFileReference; lastKnownFileType = sourcecode.swift; path = SceneDelegate.swift; sourceTree = "<group>"; };
		380BFBBB28DB145C00C0AAD2 /* HomeViewController.swift */ = {isa = PBXFileReference; lastKnownFileType = sourcecode.swift; path = HomeViewController.swift; sourceTree = "<group>"; };
		380BFBC028DB145D00C0AAD2 /* Assets.xcassets */ = {isa = PBXFileReference; lastKnownFileType = folder.assetcatalog; path = Assets.xcassets; sourceTree = "<group>"; };
		380BFBC328DB145D00C0AAD2 /* Base */ = {isa = PBXFileReference; lastKnownFileType = file.storyboard; name = Base; path = Base.lproj/LaunchScreen.storyboard; sourceTree = "<group>"; };
		380BFBC528DB145D00C0AAD2 /* Info.plist */ = {isa = PBXFileReference; lastKnownFileType = text.plist.xml; path = Info.plist; sourceTree = "<group>"; };
		380BFBD128DB16E300C0AAD2 /* TabBarViewController.swift */ = {isa = PBXFileReference; lastKnownFileType = sourcecode.swift; path = TabBarViewController.swift; sourceTree = "<group>"; };
		380BFBD328DB173300C0AAD2 /* RequestViewController.swift */ = {isa = PBXFileReference; lastKnownFileType = sourcecode.swift; path = RequestViewController.swift; sourceTree = "<group>"; };
		380BFBD528DB174000C0AAD2 /* ProfileViewController.swift */ = {isa = PBXFileReference; lastKnownFileType = sourcecode.swift; path = ProfileViewController.swift; sourceTree = "<group>"; };
		380BFBD928DB178800C0AAD2 /* RegistrationViewController.swift */ = {isa = PBXFileReference; lastKnownFileType = sourcecode.swift; path = RegistrationViewController.swift; sourceTree = "<group>"; };
		380BFBDB28DB17A900C0AAD2 /* AuthViewController.swift */ = {isa = PBXFileReference; lastKnownFileType = sourcecode.swift; path = AuthViewController.swift; sourceTree = "<group>"; };
		380BFBDD28DB181B00C0AAD2 /* AuthManageer.swift */ = {isa = PBXFileReference; lastKnownFileType = sourcecode.swift; path = AuthManageer.swift; sourceTree = "<group>"; };
		380BFBDF28DB182700C0AAD2 /* APICaller.swift */ = {isa = PBXFileReference; lastKnownFileType = sourcecode.swift; path = APICaller.swift; sourceTree = "<group>"; };
		380BFBE128DB183C00C0AAD2 /* HapticsManager.swift */ = {isa = PBXFileReference; lastKnownFileType = sourcecode.swift; path = HapticsManager.swift; sourceTree = "<group>"; };
		387F34472902EA7D0030BB13 /* GoodsCollectionViewCell.swift */ = {isa = PBXFileReference; lastKnownFileType = sourcecode.swift; path = GoodsCollectionViewCell.swift; sourceTree = "<group>"; };
		387F34492902EA990030BB13 /* GoodsModel.swift */ = {isa = PBXFileReference; lastKnownFileType = sourcecode.swift; path = GoodsModel.swift; sourceTree = "<group>"; };
		387F7FEC28F2E43A005F16E5 /* LoginViewController.swift */ = {isa = PBXFileReference; lastKnownFileType = sourcecode.swift; path = LoginViewController.swift; sourceTree = "<group>"; };
		387F7FF028F303BE005F16E5 /* LoginWithAppleIDViewController.swift */ = {isa = PBXFileReference; lastKnownFileType = sourcecode.swift; path = LoginWithAppleIDViewController.swift; sourceTree = "<group>"; };
		3881E69E29090271001C39B7 /* AlertService.swift */ = {isa = PBXFileReference; lastKnownFileType = sourcecode.swift; path = AlertService.swift; sourceTree = "<group>"; };
		3881E6A0290902AD001C39B7 /* RentTableViewCell.swift */ = {isa = PBXFileReference; lastKnownFileType = sourcecode.swift; path = RentTableViewCell.swift; sourceTree = "<group>"; };
		3881E6A2290902F3001C39B7 /* AddStuffViewController.swift */ = {isa = PBXFileReference; lastKnownFileType = sourcecode.swift; path = AddStuffViewController.swift; sourceTree = "<group>"; };
		3881E6A42909030B001C39B7 /* RentStatusViewController.swift */ = {isa = PBXFileReference; lastKnownFileType = sourcecode.swift; path = RentStatusViewController.swift; sourceTree = "<group>"; };
		3881E6A6290A8010001C39B7 /* FrentMC.entitlements */ = {isa = PBXFileReference; lastKnownFileType = text.plist.entitlements; path = FrentMC.entitlements; sourceTree = "<group>"; };
		8E09E60C6DC5DD69351E92F0 /* Pods_FrentMC.framework */ = {isa = PBXFileReference; explicitFileType = wrapper.framework; includeInIndex = 0; path = Pods_FrentMC.framework; sourceTree = BUILT_PRODUCTS_DIR; };
		E1021EF528E54D30005EB95D /* ReusableButton.swift */ = {isa = PBXFileReference; lastKnownFileType = sourcecode.swift; path = ReusableButton.swift; sourceTree = "<group>"; };
		E14C401E28FF0AF9002F2BEB /* RequestGoodsViewModel.swift */ = {isa = PBXFileReference; fileEncoding = 4; lastKnownFileType = sourcecode.swift; path = RequestGoodsViewModel.swift; sourceTree = "<group>"; };
		E1574D9D28FED5B400B07B16 /* RequestViewCell.swift */ = {isa = PBXFileReference; lastKnownFileType = sourcecode.swift; path = RequestViewCell.swift; sourceTree = "<group>"; };
		E1574DA128FEF2C100B07B16 /* RequestGoodModel.swift */ = {isa = PBXFileReference; lastKnownFileType = sourcecode.swift; path = RequestGoodModel.swift; sourceTree = "<group>"; };
		E159A5D828F30A1900E449C4 /* ProfileInfoOneViewController.swift */ = {isa = PBXFileReference; lastKnownFileType = sourcecode.swift; path = ProfileInfoOneViewController.swift; sourceTree = "<group>"; };
		E15CAF2628FC5725004498F1 /* ProfileInfoTwoViewController.swift */ = {isa = PBXFileReference; fileEncoding = 4; lastKnownFileType = sourcecode.swift; path = ProfileInfoTwoViewController.swift; sourceTree = "<group>"; };
		E1A9B71428EE9CB400B04BB4 /* SuccessRegViewController.swift */ = {isa = PBXFileReference; lastKnownFileType = sourcecode.swift; path = SuccessRegViewController.swift; sourceTree = "<group>"; };
		E1ADA47A28FC5B4300211249 /* LentStatusViewController.swift */ = {isa = PBXFileReference; fileEncoding = 4; lastKnownFileType = sourcecode.swift; path = LentStatusViewController.swift; sourceTree = "<group>"; };
		E1ADA47B28FC5B4400211249 /* LentStatusDetailViewController.swift */ = {isa = PBXFileReference; fileEncoding = 4; lastKnownFileType = sourcecode.swift; path = LentStatusDetailViewController.swift; sourceTree = "<group>"; };
		E1ADA48128FC5BBC00211249 /* GoodModel.swift */ = {isa = PBXFileReference; fileEncoding = 4; lastKnownFileType = sourcecode.swift; path = GoodModel.swift; sourceTree = "<group>"; };
		E1ADA48228FC5BBC00211249 /* LentTableViewCell.swift */ = {isa = PBXFileReference; fileEncoding = 4; lastKnownFileType = sourcecode.swift; path = LentTableViewCell.swift; sourceTree = "<group>"; };
		E1CD72A22902EEC200153297 /* DetailBarangViewController.swift */ = {isa = PBXFileReference; fileEncoding = 4; lastKnownFileType = sourcecode.swift; path = DetailBarangViewController.swift; sourceTree = "<group>"; };
		E1D70E0B28E476BE0050722D /* SwiftUIPreview.swift */ = {isa = PBXFileReference; lastKnownFileType = sourcecode.swift; path = SwiftUIPreview.swift; sourceTree = "<group>"; };
		E1D70E0E28E494370050722D /* ReusableTextField.swift */ = {isa = PBXFileReference; lastKnownFileType = sourcecode.swift; path = ReusableTextField.swift; sourceTree = "<group>"; };
		E1D70E1028E49DF10050722D /* ExtensionAnchor.swift */ = {isa = PBXFileReference; lastKnownFileType = sourcecode.swift; path = ExtensionAnchor.swift; sourceTree = "<group>"; };
		E1D70E1228E4A1740050722D /* ReusableLabel.swift */ = {isa = PBXFileReference; lastKnownFileType = sourcecode.swift; path = ReusableLabel.swift; sourceTree = "<group>"; };
		E1D70E1428E4A66E0050722D /* ExtensionColor.swift */ = {isa = PBXFileReference; lastKnownFileType = sourcecode.swift; path = ExtensionColor.swift; sourceTree = "<group>"; };
		E8193264B71500B140F38583 /* Pods-FrentMC.debug.xcconfig */ = {isa = PBXFileReference; includeInIndex = 1; lastKnownFileType = text.xcconfig; name = "Pods-FrentMC.debug.xcconfig"; path = "Target Support Files/Pods-FrentMC/Pods-FrentMC.debug.xcconfig"; sourceTree = "<group>"; };
/* End PBXFileReference section */

/* Begin PBXFrameworksBuildPhase section */
		380BFBB128DB145C00C0AAD2 /* Frameworks */ = {
			isa = PBXFrameworksBuildPhase;
			buildActionMask = 2147483647;
			files = (
				732DEBB5383A7BBF7F16ACCA /* Pods_FrentMC.framework in Frameworks */,
			);
			runOnlyForDeploymentPostprocessing = 0;
		};
/* End PBXFrameworksBuildPhase section */

/* Begin PBXGroup section */
		380BFBAB28DB145C00C0AAD2 = {
			isa = PBXGroup;
			children = (
				380BFBB628DB145C00C0AAD2 /* FrentMC */,
				380BFBB528DB145C00C0AAD2 /* Products */,
				A6DED8933EA0BD4AD7330D9D /* Pods */,
				4D4736C99F55BD6F22E005F3 /* Frameworks */,
			);
			sourceTree = "<group>";
		};
		380BFBB528DB145C00C0AAD2 /* Products */ = {
			isa = PBXGroup;
			children = (
				380BFBB428DB145C00C0AAD2 /* FrentMC.app */,
			);
			name = Products;
			sourceTree = "<group>";
		};
		380BFBB628DB145C00C0AAD2 /* FrentMC */ = {
			isa = PBXGroup;
			children = (
				3881E6A6290A8010001C39B7 /* FrentMC.entitlements */,
				380BFBD028DB159800C0AAD2 /* Resources */,
				380BFBCF28DB158E00C0AAD2 /* Managers */,
				E14C401D28FF09D5002F2BEB /* ViewModels */,
				380BFBCD28DB158000C0AAD2 /* Models */,
				380BFBCC28DB157B00C0AAD2 /* Views */,
				380BFBCB28DB156600C0AAD2 /* Controllers */,
				380BFBC528DB145D00C0AAD2 /* Info.plist */,
			);
			path = FrentMC;
			sourceTree = "<group>";
		};
		380BFBCB28DB156600C0AAD2 /* Controllers */ = {
			isa = PBXGroup;
			children = (
				E1ADA48028FC5B9A00211249 /* Cell View */,
				E1D70E0D28E4941E0050722D /* ReusableComponents */,
				380BFBD828DB177400C0AAD2 /* Other */,
				380BFBD728DB175500C0AAD2 /* Core */,
			);
			path = Controllers;
			sourceTree = "<group>";
		};
		380BFBCC28DB157B00C0AAD2 /* Views */ = {
			isa = PBXGroup;
			children = (
				380BFBC228DB145D00C0AAD2 /* LaunchScreen.storyboard */,
			);
			path = Views;
			sourceTree = "<group>";
		};
		380BFBCD28DB158000C0AAD2 /* Models */ = {
			isa = PBXGroup;
			children = (
				E1ADA48128FC5BBC00211249 /* GoodModel.swift */,
				E1574DA128FEF2C100B07B16 /* RequestGoodModel.swift */,
				387F34492902EA990030BB13 /* GoodsModel.swift */,
				3881E69E29090271001C39B7 /* AlertService.swift */,
			);
			path = Models;
			sourceTree = "<group>";
		};
		380BFBCF28DB158E00C0AAD2 /* Managers */ = {
			isa = PBXGroup;
			children = (
				380BFBDD28DB181B00C0AAD2 /* AuthManageer.swift */,
				380BFBDF28DB182700C0AAD2 /* APICaller.swift */,
				380BFBE128DB183C00C0AAD2 /* HapticsManager.swift */,
				E1D70E1028E49DF10050722D /* ExtensionAnchor.swift */,
				E1D70E1428E4A66E0050722D /* ExtensionColor.swift */,
			);
			path = Managers;
			sourceTree = "<group>";
		};
		380BFBD028DB159800C0AAD2 /* Resources */ = {
			isa = PBXGroup;
			children = (
				380BFBC028DB145D00C0AAD2 /* Assets.xcassets */,
				380BFBB728DB145C00C0AAD2 /* AppDelegate.swift */,
				380BFBB928DB145C00C0AAD2 /* SceneDelegate.swift */,
			);
			path = Resources;
			sourceTree = "<group>";
		};
		380BFBD728DB175500C0AAD2 /* Core */ = {
			isa = PBXGroup;
			children = (
				380BFBD128DB16E300C0AAD2 /* TabBarViewController.swift */,
				380BFBBB28DB145C00C0AAD2 /* HomeViewController.swift */,
				380BFBD328DB173300C0AAD2 /* RequestViewController.swift */,
				380BFBD528DB174000C0AAD2 /* ProfileViewController.swift */,
			);
			path = Core;
			sourceTree = "<group>";
		};
		380BFBD828DB177400C0AAD2 /* Other */ = {
			isa = PBXGroup;
			children = (
				3881E6A2290902F3001C39B7 /* AddStuffViewController.swift */,
				3881E6A42909030B001C39B7 /* RentStatusViewController.swift */,
				E1CD72A22902EEC200153297 /* DetailBarangViewController.swift */,
				E1ADA47B28FC5B4400211249 /* LentStatusDetailViewController.swift */,
				E1ADA47A28FC5B4300211249 /* LentStatusViewController.swift */,
				E15CAF2628FC5725004498F1 /* ProfileInfoTwoViewController.swift */,
				387F7FF028F303BE005F16E5 /* LoginWithAppleIDViewController.swift */,
				387F7FEC28F2E43A005F16E5 /* LoginViewController.swift */,
				380BFBD928DB178800C0AAD2 /* RegistrationViewController.swift */,
				380BFBDB28DB17A900C0AAD2 /* AuthViewController.swift */,
				E1D70E0B28E476BE0050722D /* SwiftUIPreview.swift */,
				E1A9B71428EE9CB400B04BB4 /* SuccessRegViewController.swift */,
				E159A5D828F30A1900E449C4 /* ProfileInfoOneViewController.swift */,
			);
			path = Other;
			sourceTree = "<group>";
		};
		4D4736C99F55BD6F22E005F3 /* Frameworks */ = {
			isa = PBXGroup;
			children = (
				8E09E60C6DC5DD69351E92F0 /* Pods_FrentMC.framework */,
			);
			name = Frameworks;
			sourceTree = "<group>";
		};
		A6DED8933EA0BD4AD7330D9D /* Pods */ = {
			isa = PBXGroup;
			children = (
				E8193264B71500B140F38583 /* Pods-FrentMC.debug.xcconfig */,
				326BCE5E4BC3AD2AA6193774 /* Pods-FrentMC.release.xcconfig */,
			);
			path = Pods;
			sourceTree = "<group>";
		};
		E14C401D28FF09D5002F2BEB /* ViewModels */ = {
			isa = PBXGroup;
			children = (
				E14C401E28FF0AF9002F2BEB /* RequestGoodsViewModel.swift */,
			);
			path = ViewModels;
			sourceTree = "<group>";
		};
		E1ADA48028FC5B9A00211249 /* Cell View */ = {
			isa = PBXGroup;
			children = (
				3881E6A0290902AD001C39B7 /* RentTableViewCell.swift */,
				E1ADA48228FC5BBC00211249 /* LentTableViewCell.swift */,
				E1574D9D28FED5B400B07B16 /* RequestViewCell.swift */,
				387F34472902EA7D0030BB13 /* GoodsCollectionViewCell.swift */,
			);
			path = "Cell View";
			sourceTree = "<group>";
		};
		E1D70E0D28E4941E0050722D /* ReusableComponents */ = {
			isa = PBXGroup;
			children = (
				E1D70E0E28E494370050722D /* ReusableTextField.swift */,
				E1D70E1228E4A1740050722D /* ReusableLabel.swift */,
				E1021EF528E54D30005EB95D /* ReusableButton.swift */,
			);
			path = ReusableComponents;
			sourceTree = "<group>";
		};
/* End PBXGroup section */

/* Begin PBXNativeTarget section */
		380BFBB328DB145C00C0AAD2 /* FrentMC */ = {
			isa = PBXNativeTarget;
			buildConfigurationList = 380BFBC828DB145D00C0AAD2 /* Build configuration list for PBXNativeTarget "FrentMC" */;
			buildPhases = (
				3B3751600A5E2D4FA8EF65F2 /* [CP] Check Pods Manifest.lock */,
				380BFBB028DB145C00C0AAD2 /* Sources */,
				380BFBB128DB145C00C0AAD2 /* Frameworks */,
				380BFBB228DB145C00C0AAD2 /* Resources */,
				97791A45D8B99CC3BA6E80C9 /* [CP] Embed Pods Frameworks */,
			);
			buildRules = (
			);
			dependencies = (
			);
			name = FrentMC;
			productName = FrentMC;
			productReference = 380BFBB428DB145C00C0AAD2 /* FrentMC.app */;
			productType = "com.apple.product-type.application";
		};
/* End PBXNativeTarget section */

/* Begin PBXProject section */
		380BFBAC28DB145C00C0AAD2 /* Project object */ = {
			isa = PBXProject;
			attributes = {
				BuildIndependentTargetsInParallel = 1;
				LastSwiftUpdateCheck = 1340;
				LastUpgradeCheck = 1340;
				TargetAttributes = {
					380BFBB328DB145C00C0AAD2 = {
						CreatedOnToolsVersion = 13.4.1;
					};
				};
			};
			buildConfigurationList = 380BFBAF28DB145C00C0AAD2 /* Build configuration list for PBXProject "FrentMC" */;
			compatibilityVersion = "Xcode 13.0";
			developmentRegion = en;
			hasScannedForEncodings = 0;
			knownRegions = (
				en,
				Base,
			);
			mainGroup = 380BFBAB28DB145C00C0AAD2;
			productRefGroup = 380BFBB528DB145C00C0AAD2 /* Products */;
			projectDirPath = "";
			projectRoot = "";
			targets = (
				380BFBB328DB145C00C0AAD2 /* FrentMC */,
			);
		};
/* End PBXProject section */

/* Begin PBXResourcesBuildPhase section */
		380BFBB228DB145C00C0AAD2 /* Resources */ = {
			isa = PBXResourcesBuildPhase;
			buildActionMask = 2147483647;
			files = (
				380BFBC428DB145D00C0AAD2 /* LaunchScreen.storyboard in Resources */,
				380BFBC128DB145D00C0AAD2 /* Assets.xcassets in Resources */,
			);
			runOnlyForDeploymentPostprocessing = 0;
		};
/* End PBXResourcesBuildPhase section */

/* Begin PBXShellScriptBuildPhase section */
		3B3751600A5E2D4FA8EF65F2 /* [CP] Check Pods Manifest.lock */ = {
			isa = PBXShellScriptBuildPhase;
			buildActionMask = 2147483647;
			files = (
			);
			inputFileListPaths = (
			);
			inputPaths = (
				"${PODS_PODFILE_DIR_PATH}/Podfile.lock",
				"${PODS_ROOT}/Manifest.lock",
			);
			name = "[CP] Check Pods Manifest.lock";
			outputFileListPaths = (
			);
			outputPaths = (
				"$(DERIVED_FILE_DIR)/Pods-FrentMC-checkManifestLockResult.txt",
			);
			runOnlyForDeploymentPostprocessing = 0;
			shellPath = /bin/sh;
			shellScript = "diff \"${PODS_PODFILE_DIR_PATH}/Podfile.lock\" \"${PODS_ROOT}/Manifest.lock\" > /dev/null\nif [ $? != 0 ] ; then\n    # print error to STDERR\n    echo \"error: The sandbox is not in sync with the Podfile.lock. Run 'pod install' or update your CocoaPods installation.\" >&2\n    exit 1\nfi\n# This output is used by Xcode 'outputs' to avoid re-running this script phase.\necho \"SUCCESS\" > \"${SCRIPT_OUTPUT_FILE_0}\"\n";
			showEnvVarsInLog = 0;
		};
		97791A45D8B99CC3BA6E80C9 /* [CP] Embed Pods Frameworks */ = {
			isa = PBXShellScriptBuildPhase;
			buildActionMask = 2147483647;
			files = (
			);
			inputFileListPaths = (
				"${PODS_ROOT}/Target Support Files/Pods-FrentMC/Pods-FrentMC-frameworks-${CONFIGURATION}-input-files.xcfilelist",
			);
			name = "[CP] Embed Pods Frameworks";
			outputFileListPaths = (
				"${PODS_ROOT}/Target Support Files/Pods-FrentMC/Pods-FrentMC-frameworks-${CONFIGURATION}-output-files.xcfilelist",
			);
			runOnlyForDeploymentPostprocessing = 0;
			shellPath = /bin/sh;
			shellScript = "\"${PODS_ROOT}/Target Support Files/Pods-FrentMC/Pods-FrentMC-frameworks.sh\"\n";
			showEnvVarsInLog = 0;
		};
/* End PBXShellScriptBuildPhase section */

/* Begin PBXSourcesBuildPhase section */
		380BFBB028DB145C00C0AAD2 /* Sources */ = {
			isa = PBXSourcesBuildPhase;
			buildActionMask = 2147483647;
			files = (
				E159A5D928F30A1900E449C4 /* ProfileInfoOneViewController.swift in Sources */,
				3881E6A3290902F3001C39B7 /* AddStuffViewController.swift in Sources */,
				387F7FED28F2E43A005F16E5 /* LoginViewController.swift in Sources */,
				380BFBD628DB174000C0AAD2 /* ProfileViewController.swift in Sources */,
				E1021EF628E54D30005EB95D /* ReusableButton.swift in Sources */,
				380BFBDE28DB181B00C0AAD2 /* AuthManageer.swift in Sources */,
				E1D70E1328E4A1740050722D /* ReusableLabel.swift in Sources */,
				380BFBD228DB16E300C0AAD2 /* TabBarViewController.swift in Sources */,
				380BFBE028DB182700C0AAD2 /* APICaller.swift in Sources */,
				E15CAF2728FC5725004498F1 /* ProfileInfoTwoViewController.swift in Sources */,
				380BFBE228DB183C00C0AAD2 /* HapticsManager.swift in Sources */,
				E1ADA48328FC5BBC00211249 /* GoodModel.swift in Sources */,
				380BFBBC28DB145C00C0AAD2 /* HomeViewController.swift in Sources */,
				387F344A2902EA990030BB13 /* GoodsModel.swift in Sources */,
				E1574D9E28FED5B400B07B16 /* RequestViewCell.swift in Sources */,
				E14C401F28FF0AF9002F2BEB /* RequestGoodsViewModel.swift in Sources */,
				E1D70E1128E49DF10050722D /* ExtensionAnchor.swift in Sources */,
				3881E6A52909030B001C39B7 /* RentStatusViewController.swift in Sources */,
				E1CD72A32902EEC200153297 /* DetailBarangViewController.swift in Sources */,
				E1ADA47C28FC5B4400211249 /* LentStatusViewController.swift in Sources */,
				380BFBD428DB173300C0AAD2 /* RequestViewController.swift in Sources */,
				380BFBDC28DB17A900C0AAD2 /* AuthViewController.swift in Sources */,
				E1D70E0C28E476BE0050722D /* SwiftUIPreview.swift in Sources */,
				E1ADA48428FC5BBC00211249 /* LentTableViewCell.swift in Sources */,
				3881E6A1290902AD001C39B7 /* RentTableViewCell.swift in Sources */,
				3881E69F29090271001C39B7 /* AlertService.swift in Sources */,
				387F7FF128F303BE005F16E5 /* LoginWithAppleIDViewController.swift in Sources */,
				E1574DA228FEF2C100B07B16 /* RequestGoodModel.swift in Sources */,
				E1D70E1528E4A66E0050722D /* ExtensionColor.swift in Sources */,
				E1ADA47D28FC5B4400211249 /* LentStatusDetailViewController.swift in Sources */,
				E1D70E0F28E494370050722D /* ReusableTextField.swift in Sources */,
				380BFBDA28DB178800C0AAD2 /* RegistrationViewController.swift in Sources */,
				380BFBB828DB145C00C0AAD2 /* AppDelegate.swift in Sources */,
				387F34482902EA7D0030BB13 /* GoodsCollectionViewCell.swift in Sources */,
				380BFBBA28DB145C00C0AAD2 /* SceneDelegate.swift in Sources */,
				E1A9B71528EE9CB400B04BB4 /* SuccessRegViewController.swift in Sources */,
			);
			runOnlyForDeploymentPostprocessing = 0;
		};
/* End PBXSourcesBuildPhase section */

/* Begin PBXVariantGroup section */
		380BFBC228DB145D00C0AAD2 /* LaunchScreen.storyboard */ = {
			isa = PBXVariantGroup;
			children = (
				380BFBC328DB145D00C0AAD2 /* Base */,
			);
			name = LaunchScreen.storyboard;
			sourceTree = "<group>";
		};
/* End PBXVariantGroup section */

/* Begin XCBuildConfiguration section */
		380BFBC628DB145D00C0AAD2 /* Debug */ = {
			isa = XCBuildConfiguration;
			buildSettings = {
				ALWAYS_SEARCH_USER_PATHS = NO;
				CLANG_ANALYZER_NONNULL = YES;
				CLANG_ANALYZER_NUMBER_OBJECT_CONVERSION = YES_AGGRESSIVE;
				CLANG_CXX_LANGUAGE_STANDARD = "gnu++17";
				CLANG_ENABLE_MODULES = YES;
				CLANG_ENABLE_OBJC_ARC = YES;
				CLANG_ENABLE_OBJC_WEAK = YES;
				CLANG_WARN_BLOCK_CAPTURE_AUTORELEASING = YES;
				CLANG_WARN_BOOL_CONVERSION = YES;
				CLANG_WARN_COMMA = YES;
				CLANG_WARN_CONSTANT_CONVERSION = YES;
				CLANG_WARN_DEPRECATED_OBJC_IMPLEMENTATIONS = YES;
				CLANG_WARN_DIRECT_OBJC_ISA_USAGE = YES_ERROR;
				CLANG_WARN_DOCUMENTATION_COMMENTS = YES;
				CLANG_WARN_EMPTY_BODY = YES;
				CLANG_WARN_ENUM_CONVERSION = YES;
				CLANG_WARN_INFINITE_RECURSION = YES;
				CLANG_WARN_INT_CONVERSION = YES;
				CLANG_WARN_NON_LITERAL_NULL_CONVERSION = YES;
				CLANG_WARN_OBJC_IMPLICIT_RETAIN_SELF = YES;
				CLANG_WARN_OBJC_LITERAL_CONVERSION = YES;
				CLANG_WARN_OBJC_ROOT_CLASS = YES_ERROR;
				CLANG_WARN_QUOTED_INCLUDE_IN_FRAMEWORK_HEADER = YES;
				CLANG_WARN_RANGE_LOOP_ANALYSIS = YES;
				CLANG_WARN_STRICT_PROTOTYPES = YES;
				CLANG_WARN_SUSPICIOUS_MOVE = YES;
				CLANG_WARN_UNGUARDED_AVAILABILITY = YES_AGGRESSIVE;
				CLANG_WARN_UNREACHABLE_CODE = YES;
				CLANG_WARN__DUPLICATE_METHOD_MATCH = YES;
				COPY_PHASE_STRIP = NO;
				DEBUG_INFORMATION_FORMAT = dwarf;
				ENABLE_STRICT_OBJC_MSGSEND = YES;
				ENABLE_TESTABILITY = YES;
				GCC_C_LANGUAGE_STANDARD = gnu11;
				GCC_DYNAMIC_NO_PIC = NO;
				GCC_NO_COMMON_BLOCKS = YES;
				GCC_OPTIMIZATION_LEVEL = 0;
				GCC_PREPROCESSOR_DEFINITIONS = (
					"DEBUG=1",
					"$(inherited)",
				);
				GCC_WARN_64_TO_32_BIT_CONVERSION = YES;
				GCC_WARN_ABOUT_RETURN_TYPE = YES_ERROR;
				GCC_WARN_UNDECLARED_SELECTOR = YES;
				GCC_WARN_UNINITIALIZED_AUTOS = YES_AGGRESSIVE;
				GCC_WARN_UNUSED_FUNCTION = YES;
				GCC_WARN_UNUSED_VARIABLE = YES;
				IPHONEOS_DEPLOYMENT_TARGET = 15.5;
				MTL_ENABLE_DEBUG_INFO = INCLUDE_SOURCE;
				MTL_FAST_MATH = YES;
				ONLY_ACTIVE_ARCH = YES;
				SDKROOT = iphoneos;
				SWIFT_ACTIVE_COMPILATION_CONDITIONS = DEBUG;
				SWIFT_OPTIMIZATION_LEVEL = "-Onone";
			};
			name = Debug;
		};
		380BFBC728DB145D00C0AAD2 /* Release */ = {
			isa = XCBuildConfiguration;
			buildSettings = {
				ALWAYS_SEARCH_USER_PATHS = NO;
				CLANG_ANALYZER_NONNULL = YES;
				CLANG_ANALYZER_NUMBER_OBJECT_CONVERSION = YES_AGGRESSIVE;
				CLANG_CXX_LANGUAGE_STANDARD = "gnu++17";
				CLANG_ENABLE_MODULES = YES;
				CLANG_ENABLE_OBJC_ARC = YES;
				CLANG_ENABLE_OBJC_WEAK = YES;
				CLANG_WARN_BLOCK_CAPTURE_AUTORELEASING = YES;
				CLANG_WARN_BOOL_CONVERSION = YES;
				CLANG_WARN_COMMA = YES;
				CLANG_WARN_CONSTANT_CONVERSION = YES;
				CLANG_WARN_DEPRECATED_OBJC_IMPLEMENTATIONS = YES;
				CLANG_WARN_DIRECT_OBJC_ISA_USAGE = YES_ERROR;
				CLANG_WARN_DOCUMENTATION_COMMENTS = YES;
				CLANG_WARN_EMPTY_BODY = YES;
				CLANG_WARN_ENUM_CONVERSION = YES;
				CLANG_WARN_INFINITE_RECURSION = YES;
				CLANG_WARN_INT_CONVERSION = YES;
				CLANG_WARN_NON_LITERAL_NULL_CONVERSION = YES;
				CLANG_WARN_OBJC_IMPLICIT_RETAIN_SELF = YES;
				CLANG_WARN_OBJC_LITERAL_CONVERSION = YES;
				CLANG_WARN_OBJC_ROOT_CLASS = YES_ERROR;
				CLANG_WARN_QUOTED_INCLUDE_IN_FRAMEWORK_HEADER = YES;
				CLANG_WARN_RANGE_LOOP_ANALYSIS = YES;
				CLANG_WARN_STRICT_PROTOTYPES = YES;
				CLANG_WARN_SUSPICIOUS_MOVE = YES;
				CLANG_WARN_UNGUARDED_AVAILABILITY = YES_AGGRESSIVE;
				CLANG_WARN_UNREACHABLE_CODE = YES;
				CLANG_WARN__DUPLICATE_METHOD_MATCH = YES;
				COPY_PHASE_STRIP = NO;
				DEBUG_INFORMATION_FORMAT = "dwarf-with-dsym";
				ENABLE_NS_ASSERTIONS = NO;
				ENABLE_STRICT_OBJC_MSGSEND = YES;
				GCC_C_LANGUAGE_STANDARD = gnu11;
				GCC_NO_COMMON_BLOCKS = YES;
				GCC_WARN_64_TO_32_BIT_CONVERSION = YES;
				GCC_WARN_ABOUT_RETURN_TYPE = YES_ERROR;
				GCC_WARN_UNDECLARED_SELECTOR = YES;
				GCC_WARN_UNINITIALIZED_AUTOS = YES_AGGRESSIVE;
				GCC_WARN_UNUSED_FUNCTION = YES;
				GCC_WARN_UNUSED_VARIABLE = YES;
				IPHONEOS_DEPLOYMENT_TARGET = 15.5;
				MTL_ENABLE_DEBUG_INFO = NO;
				MTL_FAST_MATH = YES;
				SDKROOT = iphoneos;
				SWIFT_COMPILATION_MODE = wholemodule;
				SWIFT_OPTIMIZATION_LEVEL = "-O";
				VALIDATE_PRODUCT = YES;
			};
			name = Release;
		};
		380BFBC928DB145D00C0AAD2 /* Debug */ = {
			isa = XCBuildConfiguration;
			baseConfigurationReference = E8193264B71500B140F38583 /* Pods-FrentMC.debug.xcconfig */;
			buildSettings = {
				ASSETCATALOG_COMPILER_APPICON_NAME = AppIcon;
				ASSETCATALOG_COMPILER_GLOBAL_ACCENT_COLOR_NAME = AccentColor;
				CODE_SIGN_ENTITLEMENTS = FrentMC/FrentMC.entitlements;
				CODE_SIGN_STYLE = Automatic;
				CURRENT_PROJECT_VERSION = 1;
				DEVELOPMENT_TEAM = 5UASPFF442;
				GENERATE_INFOPLIST_FILE = YES;
				INFOPLIST_FILE = FrentMC/Info.plist;
				INFOPLIST_KEY_UIApplicationSupportsIndirectInputEvents = YES;
				INFOPLIST_KEY_UILaunchStoryboardName = LaunchScreen;
				INFOPLIST_KEY_UISupportedInterfaceOrientations_iPad = "UIInterfaceOrientationPortrait UIInterfaceOrientationPortraitUpsideDown UIInterfaceOrientationLandscapeLeft UIInterfaceOrientationLandscapeRight";
				INFOPLIST_KEY_UISupportedInterfaceOrientations_iPhone = "UIInterfaceOrientationPortrait UIInterfaceOrientationLandscapeLeft UIInterfaceOrientationLandscapeRight";
				LD_RUNPATH_SEARCH_PATHS = (
					"$(inherited)",
					"@executable_path/Frameworks",
				);
				MARKETING_VERSION = 1.0;
				PRODUCT_BUNDLE_IDENTIFIER = com.myorganization.Frent;
				PRODUCT_NAME = "$(TARGET_NAME)";
				SWIFT_EMIT_LOC_STRINGS = YES;
				SWIFT_VERSION = 5.0;
				TARGETED_DEVICE_FAMILY = "1,2";
			};
			name = Debug;
		};
		380BFBCA28DB145D00C0AAD2 /* Release */ = {
			isa = XCBuildConfiguration;
			baseConfigurationReference = 326BCE5E4BC3AD2AA6193774 /* Pods-FrentMC.release.xcconfig */;
			buildSettings = {
				ASSETCATALOG_COMPILER_APPICON_NAME = AppIcon;
				ASSETCATALOG_COMPILER_GLOBAL_ACCENT_COLOR_NAME = AccentColor;
				CODE_SIGN_ENTITLEMENTS = FrentMC/FrentMC.entitlements;
				CODE_SIGN_STYLE = Automatic;
				CURRENT_PROJECT_VERSION = 1;
				DEVELOPMENT_TEAM = 5UASPFF442;
				GENERATE_INFOPLIST_FILE = YES;
				INFOPLIST_FILE = FrentMC/Info.plist;
				INFOPLIST_KEY_UIApplicationSupportsIndirectInputEvents = YES;
				INFOPLIST_KEY_UILaunchStoryboardName = LaunchScreen;
				INFOPLIST_KEY_UISupportedInterfaceOrientations_iPad = "UIInterfaceOrientationPortrait UIInterfaceOrientationPortraitUpsideDown UIInterfaceOrientationLandscapeLeft UIInterfaceOrientationLandscapeRight";
				INFOPLIST_KEY_UISupportedInterfaceOrientations_iPhone = "UIInterfaceOrientationPortrait UIInterfaceOrientationLandscapeLeft UIInterfaceOrientationLandscapeRight";
				LD_RUNPATH_SEARCH_PATHS = (
					"$(inherited)",
					"@executable_path/Frameworks",
				);
				MARKETING_VERSION = 1.0;
				PRODUCT_BUNDLE_IDENTIFIER = com.myorganization.Frent;
				PRODUCT_NAME = "$(TARGET_NAME)";
				SWIFT_EMIT_LOC_STRINGS = YES;
				SWIFT_VERSION = 5.0;
				TARGETED_DEVICE_FAMILY = "1,2";
			};
			name = Release;
		};
/* End XCBuildConfiguration section */

/* Begin XCConfigurationList section */
		380BFBAF28DB145C00C0AAD2 /* Build configuration list for PBXProject "FrentMC" */ = {
			isa = XCConfigurationList;
			buildConfigurations = (
				380BFBC628DB145D00C0AAD2 /* Debug */,
				380BFBC728DB145D00C0AAD2 /* Release */,
			);
			defaultConfigurationIsVisible = 0;
			defaultConfigurationName = Release;
		};
		380BFBC828DB145D00C0AAD2 /* Build configuration list for PBXNativeTarget "FrentMC" */ = {
			isa = XCConfigurationList;
			buildConfigurations = (
				380BFBC928DB145D00C0AAD2 /* Debug */,
				380BFBCA28DB145D00C0AAD2 /* Release */,
			);
			defaultConfigurationIsVisible = 0;
			defaultConfigurationName = Release;
		};
/* End XCConfigurationList section */
	};
	rootObject = 380BFBAC28DB145C00C0AAD2 /* Project object */;
}
